<?xml version="1.0" encoding="UTF-8"?>
<CONFIG>
  <ProjectOptions>
    <Version Value="9"/>
    <PathDelim Value="\"/>
    <General>
      <Flags>
        <MainUnitHasCreateFormStatements Value="False"/>
        <MainUnitHasTitleStatement Value="False"/>
        <Runnable Value="True"/>
      </Flags>
      <SessionStorage Value="InProjectDir"/>
      <MainUnit Value="0"/>
      <Title Value="test_libgit2_complete"/>
      <ResourceType Value="res"/>
    </General>
    <i18n>
      <EnableI18N LFM="False"/>
    </i18n>
    <VersionInfo>
      <StringTable ProductVersion=""/>
    </VersionInfo>
    <BuildModes Count="1">
      <Item1 Name="Default" Default="True"/>
    </BuildModes>
    <CompilerOptions>
      <Version Value="11"/>
      <SearchPaths>
        <UnitPath Value="src"/>
        <OtherUnitFiles Value="src"/>
      </SearchPaths>
      <TargetFileName Value="bin\test_libgit2_complete"/>
      <Other>
        <CustomOptions Value="-Fusrc"/>
      </Other>
    </CompilerOptions>
    <RunParams>
      <local>
        <FormatVersion Value="1"/>
      </local>
    </RunParams>
    <Units Count="1">
      <Unit0>
        <Filename Value="test_libgit2_complete.lpr"/>
        <IsPartOfProject Value="True"/>
        <IsMainUnit Value="True"/>
      </Unit0>
    </Units>
  </ProjectOptions>
</CONFIG>

