<?xml version='1.0' encoding='UTF-8'?>
<CONFIG>
  <ProjectOptions>
    <Version Value="12" />
    <PathDelim Value="\" />
    <General>
      <Title Value="minimal_test" />
      <SessionStorage Value="InProjectDir" />
      <ResourceType Value="res" />
    </General>
    <BuildModes>
      <Item Name="Default" Default="True">
        <CompilerOptions>
          <Version Value="11" />
          <PathDelim Value="\" />
          <Target>
            <Filename Value="bin\minimal_test" />
          </Target>
          <SearchPaths>
            <OtherUnitFiles Value="..\\..\\src" />
            <IncludeFiles Value="$(ProjOutDir)" />
            <UnitOutputDirectory Value="lib\$(TargetCPU)-$(TargetOS)" />
          </SearchPaths>
        </CompilerOptions>
      </Item>
      <Item Name="Release">
        <CompilerOptions>
          <Version Value="11" />
          <PathDelim Value="\" />
          <Other>
            <CustomOptions Value="-O2 -CX -Xs -g-" />
          </Other>
        </CompilerOptions>
      </Item>
      <Item Name="Debug">
        <CompilerOptions>
          <Version Value="11" />
          <Target>
            <Filename Value="bin/$(ProjectName)" />
          </Target>
          <SearchPaths>
            <IncludeFiles Value="$(ProjOutDir);../../src" />
            <OtherUnitFiles Value="../../src" />
            <UnitOutputDirectory Value="lib/$(TargetCPU)-$(TargetOS)" />
          </SearchPaths>
          <Parsing>
            <SyntaxOptions>
              <IncludeAssertionCode Value="True" />
            </SyntaxOptions>
          </Parsing>
          <CodeGeneration>
            <Checks>
              <IOChecks Value="True" />
              <RangeChecks Value="True" />
              <OverflowChecks Value="True" />
              <StackChecks Value="True" />
            </Checks>
            <VerifyObjMethodCallValidity Value="True" />
          </CodeGeneration>
          <Linking>
            <Debugging>
              <DebugInfoType Value="dsDwarf3" />
              <UseHeaptrc Value="True" />
              <TrashVariables Value="True" />
              <UseExternalDbgSyms Value="True" />
            </Debugging>
          </Linking>
          <Other>
            <CompilerMessages>
              <IgnoredMessages idx5024="True" />
            </CompilerMessages>
          </Other>
        </CompilerOptions>
      </Item>
    </BuildModes>
    <Units>
      <Unit>
        <Filename Value="minimal_test.lpr" />
        <IsPartOfProject Value="True" />
      </Unit>
    </Units>
  </ProjectOptions>
  <CompilerOptions>
    <Version Value="11" />
    <PathDelim Value="\" />
    <Target>
      <Filename Value="bin\minimal_test" />
    </Target>
    <SearchPaths>
      <OtherUnitFiles Value="..\\..\\src" />
      <IncludeFiles Value="$(ProjOutDir)" />
      <UnitOutputDirectory Value="lib\$(TargetCPU)-$(TargetOS)" />
    </SearchPaths>
  </CompilerOptions>
</CONFIG>
